// !$*UTF8*$!
{
	archiveVersion = 1;
	classes = {
	};
	objectVersion = 77;
	objects = {

/* Begin PBXBuildFile section */
		7D6139182CC03ACA009FBAB4 /* Kingfisher in Frameworks */ = {isa = PBXBuildFile; productRef = 7D6139172CC03ACA009FBAB4 /* Kingfisher */; };
		7DBF3D1B2CC1B23A00BC452D /* Collections in Frameworks */ = {isa = PBXBuildFile; productRef = 7DBF3D1A2CC1B23A00BC452D /* Collections */; };
/* End PBXBuildFile section */

/* Begin PBXContainerItemProxy section */
		7D6138E92CC02DFC009FBAB4 /* PBXContainerItemProxy */ = {
			isa = PBXContainerItemProxy;
			containerPortal = 7D6138D02CC02DFB009FBAB4 /* Project object */;
			proxyType = 1;
			remoteGlobalIDString = 7D6138D72CC02DFB009FBAB4;
			remoteInfo = Recipes;
		};
/* End PBXContainerItemProxy section */

/* Begin PBXFileReference section */
		7D3D65D32CC318C600A6A987 /* Recipes.xctestplan */ = {isa = PBXFileReference; lastKnownFileType = text; path = Recipes.xctestplan; sourceTree = "<group>"; };
		7D6138D82CC02DFB009FBAB4 /* Recipes.app */ = {isa = PBXFileReference; explicitFileType = wrapper.application; includeInIndex = 0; path = Recipes.app; sourceTree = BUILT_PRODUCTS_DIR; };
		7D6138E82CC02DFC009FBAB4 /* RecipesTests.xctest */ = {isa = PBXFileReference; explicitFileType = wrapper.cfbundle; includeInIndex = 0; path = RecipesTests.xctest; sourceTree = BUILT_PRODUCTS_DIR; };
/* End PBXFileReference section */

/* Begin PBXFileSystemSynchronizedRootGroup section */
		7D6138DA2CC02DFB009FBAB4 /* Recipes */ = {
			isa = PBXFileSystemSynchronizedRootGroup;
			path = Recipes;
			sourceTree = "<group>";
		};
		7D6138EB2CC02DFC009FBAB4 /* RecipesTests */ = {
			isa = PBXFileSystemSynchronizedRootGroup;
			path = RecipesTests;
			sourceTree = "<group>";
		};
/* End PBXFileSystemSynchronizedRootGroup section */

/* Begin PBXFrameworksBuildPhase section */
		7D6138D52CC02DFB009FBAB4 /* Frameworks */ = {
			isa = PBXFrameworksBuildPhase;
			buildActionMask = 2147483647;
			files = (
				7DBF3D1B2CC1B23A00BC452D /* Collections in Frameworks */,
				7D6139182CC03ACA009FBAB4 /* Kingfisher in Frameworks */,
			);
			runOnlyForDeploymentPostprocessing = 0;
		};
		7D6138E52CC02DFC009FBAB4 /* Frameworks */ = {
			isa = PBXFrameworksBuildPhase;
			buildActionMask = 2147483647;
			files = (
			);
			runOnlyForDeploymentPostprocessing = 0;
		};
/* End PBXFrameworksBuildPhase section */

/* Begin PBXGroup section */
		7D6138CF2CC02DFB009FBAB4 = {
			isa = PBXGroup;
			children = (
				7D3D65D32CC318C600A6A987 /* Recipes.xctestplan */,
				7D6138DA2CC02DFB009FBAB4 /* Recipes */,
				7D6138EB2CC02DFC009FBAB4 /* RecipesTests */,
				7D6138D92CC02DFB009FBAB4 /* Products */,
			);
			sourceTree = "<group>";
		};
		7D6138D92CC02DFB009FBAB4 /* Products */ = {
			isa = PBXGroup;
			children = (
				7D6138D82CC02DFB009FBAB4 /* Recipes.app */,
				7D6138E82CC02DFC009FBAB4 /* RecipesTests.xctest */,
			);
			name = Products;
			sourceTree = "<group>";
		};
/* End PBXGroup section */

/* Begin PBXNativeTarget section */
		7D6138D72CC02DFB009FBAB4 /* Recipes */ = {
			isa = PBXNativeTarget;
			buildConfigurationList = 7D6138FC2CC02DFC009FBAB4 /* Build configuration list for PBXNativeTarget "Recipes" */;
			buildPhases = (
				7D6138D42CC02DFB009FBAB4 /* Sources */,
				7D6138D52CC02DFB009FBAB4 /* Frameworks */,
				7D6138D62CC02DFB009FBAB4 /* Resources */,
			);
			buildRules = (
			);
			dependencies = (
			);
			fileSystemSynchronizedGroups = (
				7D6138DA2CC02DFB009FBAB4 /* Recipes */,
			);
			name = Recipes;
			packageProductDependencies = (
				7D6139172CC03ACA009FBAB4 /* Kingfisher */,
				7DBF3D1A2CC1B23A00BC452D /* Collections */,
			);
			productName = Recipes;
			productReference = 7D6138D82CC02DFB009FBAB4 /* Recipes.app */;
			productType = "com.apple.product-type.application";
		};
		7D6138E72CC02DFC009FBAB4 /* RecipesTests */ = {
			isa = PBXNativeTarget;
			buildConfigurationList = 7D6138FF2CC02DFC009FBAB4 /* Build configuration list for PBXNativeTarget "RecipesTests" */;
			buildPhases = (
				7D6138E42CC02DFC009FBAB4 /* Sources */,
				7D6138E52CC02DFC009FBAB4 /* Frameworks */,
				7D6138E62CC02DFC009FBAB4 /* Resources */,
			);
			buildRules = (
			);
			dependencies = (
				7D6138EA2CC02DFC009FBAB4 /* PBXTargetDependency */,
			);
			fileSystemSynchronizedGroups = (
				7D6138EB2CC02DFC009FBAB4 /* RecipesTests */,
			);
			name = RecipesTests;
			packageProductDependencies = (
			);
			productName = RecipesTests;
			productReference = 7D6138E82CC02DFC009FBAB4 /* RecipesTests.xctest */;
			productType = "com.apple.product-type.bundle.unit-test";
		};
/* End PBXNativeTarget section */

/* Begin PBXProject section */
		7D6138D02CC02DFB009FBAB4 /* Project object */ = {
			isa = PBXProject;
			attributes = {
				BuildIndependentTargetsInParallel = 1;
				LastSwiftUpdateCheck = 1600;
				LastUpgradeCheck = 1600;
				TargetAttributes = {
					7D6138D72CC02DFB009FBAB4 = {
						CreatedOnToolsVersion = 16.0;
					};
					7D6138E72CC02DFC009FBAB4 = {
						CreatedOnToolsVersion = 16.0;
						TestTargetID = 7D6138D72CC02DFB009FBAB4;
					};
				};
			};
			buildConfigurationList = 7D6138D32CC02DFB009FBAB4 /* Build configuration list for PBXProject "Recipes" */;
			developmentRegion = en;
			hasScannedForEncodings = 0;
			knownRegions = (
				en,
				Base,
			);
			mainGroup = 7D6138CF2CC02DFB009FBAB4;
			minimizedProjectReferenceProxies = 1;
			packageReferences = (
				7D6139162CC03ACA009FBAB4 /* XCRemoteSwiftPackageReference "Kingfisher" */,
				7DBF3D192CC1B23A00BC452D /* XCRemoteSwiftPackageReference "swift-collections" */,
			);
			preferredProjectObjectVersion = 77;
			productRefGroup = 7D6138D92CC02DFB009FBAB4 /* Products */;
			projectDirPath = "";
			projectRoot = "";
			targets = (
				7D6138D72CC02DFB009FBAB4 /* Recipes */,
				7D6138E72CC02DFC009FBAB4 /* RecipesTests */,
			);
		};
/* End PBXProject section */

/* Begin PBXResourcesBuildPhase section */
		7D6138D62CC02DFB009FBAB4 /* Resources */ = {
			isa = PBXResourcesBuildPhase;
			buildActionMask = 2147483647;
			files = (
			);
			runOnlyForDeploymentPostprocessing = 0;
		};
		7D6138E62CC02DFC009FBAB4 /* Resources */ = {
			isa = PBXResourcesBuildPhase;
			buildActionMask = 2147483647;
			files = (
			);
			runOnlyForDeploymentPostprocessing = 0;
		};
/* End PBXResourcesBuildPhase section */

/* Begin PBXSourcesBuildPhase section */
		7D6138D42CC02DFB009FBAB4 /* Sources */ = {
			isa = PBXSourcesBuildPhase;
			buildActionMask = 2147483647;
			files = (
			);
			runOnlyForDeploymentPostprocessing = 0;
		};
		7D6138E42CC02DFC009FBAB4 /* Sources */ = {
			isa = PBXSourcesBuildPhase;
			buildActionMask = 2147483647;
			files = (
			);
			runOnlyForDeploymentPostprocessing = 0;
		};
/* End PBXSourcesBuildPhase section */

/* Begin PBXTargetDependency section */
		7D6138EA2CC02DFC009FBAB4 /* PBXTargetDependency */ = {
			isa = PBXTargetDependency;
			target = 7D6138D72CC02DFB009FBAB4 /* Recipes */;
			targetProxy = 7D6138E92CC02DFC009FBAB4 /* PBXContainerItemProxy */;
		};
/* End PBXTargetDependency section */

/* Begin XCBuildConfiguration section */
		7D6138FA2CC02DFC009FBAB4 /* Debug */ = {
			isa = XCBuildConfiguration;
			buildSettings = {
				ALWAYS_SEARCH_USER_PATHS = NO;
				ASSETCATALOG_COMPILER_GENERATE_SWIFT_ASSET_SYMBOL_EXTENSIONS = YES;
				CLANG_ANALYZER_NONNULL = YES;
				CLANG_ANALYZER_NUMBER_OBJECT_CONVERSION = YES_AGGRESSIVE;
				CLANG_CXX_LANGUAGE_STANDARD = "gnu++20";
				CLANG_ENABLE_MODULES = YES;
				CLANG_ENABLE_OBJC_ARC = YES;
				CLANG_ENABLE_OBJC_WEAK = YES;
				CLANG_WARN_BLOCK_CAPTURE_AUTORELEASING = YES;
				CLANG_WARN_BOOL_CONVERSION = YES;
				CLANG_WARN_COMMA = YES;
				CLANG_WARN_CONSTANT_CONVERSION = YES;
				CLANG_WARN_DEPRECATED_OBJC_IMPLEMENTATIONS = YES;
				CLANG_WARN_DIRECT_OBJC_ISA_USAGE = YES_ERROR;
				CLANG_WARN_DOCUMENTATION_COMMENTS = YES;
				CLANG_WARN_EMPTY_BODY = YES;
				CLANG_WARN_ENUM_CONVERSION = YES;
				CLANG_WARN_INFINITE_RECURSION = YES;
				CLANG_WARN_INT_CONVERSION = YES;
				CLANG_WARN_NON_LITERAL_NULL_CONVERSION = YES;
				CLANG_WARN_OBJC_IMPLICIT_RETAIN_SELF = YES;
				CLANG_WARN_OBJC_LITERAL_CONVERSION = YES;
				CLANG_WARN_OBJC_ROOT_CLASS = YES_ERROR;
				CLANG_WARN_QUOTED_INCLUDE_IN_FRAMEWORK_HEADER = YES;
				CLANG_WARN_RANGE_LOOP_ANALYSIS = YES;
				CLANG_WARN_STRICT_PROTOTYPES = YES;
				CLANG_WARN_SUSPICIOUS_MOVE = YES;
				CLANG_WARN_UNGUARDED_AVAILABILITY = YES_AGGRESSIVE;
				CLANG_WARN_UNREACHABLE_CODE = YES;
				CLANG_WARN__DUPLICATE_METHOD_MATCH = YES;
				COPY_PHASE_STRIP = NO;
				DEBUG_INFORMATION_FORMAT = dwarf;
				ENABLE_STRICT_OBJC_MSGSEND = YES;
				ENABLE_TESTABILITY = YES;
				ENABLE_USER_SCRIPT_SANDBOXING = YES;
				GCC_C_LANGUAGE_STANDARD = gnu17;
				GCC_DYNAMIC_NO_PIC = NO;
				GCC_NO_COMMON_BLOCKS = YES;
				GCC_OPTIMIZATION_LEVEL = 0;
				GCC_PREPROCESSOR_DEFINITIONS = (
					"DEBUG=1",
					"$(inherited)",
				);
				GCC_WARN_64_TO_32_BIT_CONVERSION = YES;
				GCC_WARN_ABOUT_RETURN_TYPE = YES_ERROR;
				GCC_WARN_UNDECLARED_SELECTOR = YES;
				GCC_WARN_UNINITIALIZED_AUTOS = YES_AGGRESSIVE;
				GCC_WARN_UNUSED_FUNCTION = YES;
				GCC_WARN_UNUSED_VARIABLE = YES;
				IPHONEOS_DEPLOYMENT_TARGET = 18.0;
				LOCALIZATION_PREFERS_STRING_CATALOGS = YES;
				MTL_ENABLE_DEBUG_INFO = INCLUDE_SOURCE;
				MTL_FAST_MATH = YES;
				ONLY_ACTIVE_ARCH = YES;
				SDKROOT = iphoneos;
				SWIFT_ACTIVE_COMPILATION_CONDITIONS = "DEBUG $(inherited)";
				SWIFT_OPTIMIZATION_LEVEL = "-Onone";
			};
			name = Debug;
		};
		7D6138FB2CC02DFC009FBAB4 /* Release */ = {
			isa = XCBuildConfiguration;
			buildSettings = {
				ALWAYS_SEARCH_USER_PATHS = NO;
				ASSETCATALOG_COMPILER_GENERATE_SWIFT_ASSET_SYMBOL_EXTENSIONS = YES;
				CLANG_ANALYZER_NONNULL = YES;
				CLANG_ANALYZER_NUMBER_OBJECT_CONVERSION = YES_AGGRESSIVE;
				CLANG_CXX_LANGUAGE_STANDARD = "gnu++20";
				CLANG_ENABLE_MODULES = YES;
				CLANG_ENABLE_OBJC_ARC = YES;
				CLANG_ENABLE_OBJC_WEAK = YES;
				CLANG_WARN_BLOCK_CAPTURE_AUTORELEASING = YES;
				CLANG_WARN_BOOL_CONVERSION = YES;
				CLANG_WARN_COMMA = YES;
				CLANG_WARN_CONSTANT_CONVERSION = YES;
				CLANG_WARN_DEPRECATED_OBJC_IMPLEMENTATIONS = YES;
				CLANG_WARN_DIRECT_OBJC_ISA_USAGE = YES_ERROR;
				CLANG_WARN_DOCUMENTATION_COMMENTS = YES;
				CLANG_WARN_EMPTY_BODY = YES;
				CLANG_WARN_ENUM_CONVERSION = YES;
				CLANG_WARN_INFINITE_RECURSION = YES;
				CLANG_WARN_INT_CONVERSION = YES;
				CLANG_WARN_NON_LITERAL_NULL_CONVERSION = YES;
				CLANG_WARN_OBJC_IMPLICIT_RETAIN_SELF = YES;
				CLANG_WARN_OBJC_LITERAL_CONVERSION = YES;
				CLANG_WARN_OBJC_ROOT_CLASS = YES_ERROR;
				CLANG_WARN_QUOTED_INCLUDE_IN_FRAMEWORK_HEADER = YES;
				CLANG_WARN_RANGE_LOOP_ANALYSIS = YES;
				CLANG_WARN_STRICT_PROTOTYPES = YES;
				CLANG_WARN_SUSPICIOUS_MOVE = YES;
				CLANG_WARN_UNGUARDED_AVAILABILITY = YES_AGGRESSIVE;
				CLANG_WARN_UNREACHABLE_CODE = YES;
				CLANG_WARN__DUPLICATE_METHOD_MATCH = YES;
				COPY_PHASE_STRIP = NO;
				DEBUG_INFORMATION_FORMAT = "dwarf-with-dsym";
				ENABLE_NS_ASSERTIONS = NO;
				ENABLE_STRICT_OBJC_MSGSEND = YES;
				ENABLE_USER_SCRIPT_SANDBOXING = YES;
				GCC_C_LANGUAGE_STANDARD = gnu17;
				GCC_NO_COMMON_BLOCKS = YES;
				GCC_WARN_64_TO_32_BIT_CONVERSION = YES;
				GCC_WARN_ABOUT_RETURN_TYPE = YES_ERROR;
				GCC_WARN_UNDECLARED_SELECTOR = YES;
				GCC_WARN_UNINITIALIZED_AUTOS = YES_AGGRESSIVE;
				GCC_WARN_UNUSED_FUNCTION = YES;
				GCC_WARN_UNUSED_VARIABLE = YES;
				IPHONEOS_DEPLOYMENT_TARGET = 18.0;
				LOCALIZATION_PREFERS_STRING_CATALOGS = YES;
				MTL_ENABLE_DEBUG_INFO = NO;
				MTL_FAST_MATH = YES;
				SDKROOT = iphoneos;
				SWIFT_COMPILATION_MODE = wholemodule;
				VALIDATE_PRODUCT = YES;
			};
			name = Release;
		};
		7D6138FD2CC02DFC009FBAB4 /* Debug */ = {
			isa = XCBuildConfiguration;
			buildSettings = {
				ASSETCATALOG_COMPILER_APPICON_NAME = AppIcon;
				ASSETCATALOG_COMPILER_GLOBAL_ACCENT_COLOR_NAME = AccentColor;
				CODE_SIGN_STYLE = Automatic;
				CURRENT_PROJECT_VERSION = 1;
				DEVELOPMENT_ASSET_PATHS = "\"Recipes/Preview Content\"";
				ENABLE_PREVIEWS = YES;
				GENERATE_INFOPLIST_FILE = YES;
				INFOPLIST_KEY_UIApplicationSceneManifest_Generation = YES;
				INFOPLIST_KEY_UIApplicationSupportsIndirectInputEvents = YES;
				INFOPLIST_KEY_UILaunchScreen_Generation = YES;
				INFOPLIST_KEY_UISupportedInterfaceOrientations_iPad = "UIInterfaceOrientationPortrait UIInterfaceOrientationPortraitUpsideDown UIInterfaceOrientationLandscapeLeft UIInterfaceOrientationLandscapeRight";
				INFOPLIST_KEY_UISupportedInterfaceOrientations_iPhone = "UIInterfaceOrientationPortrait UIInterfaceOrientationLandscapeLeft UIInterfaceOrientationLandscapeRight";
				LD_RUNPATH_SEARCH_PATHS = (
					"$(inherited)",
					"@executable_path/Frameworks",
				);
				MARKETING_VERSION = 1.0;
				PRODUCT_BUNDLE_IDENTIFIER = taha.Recipes;
				PRODUCT_NAME = "$(TARGET_NAME)";
				SWIFT_EMIT_LOC_STRINGS = YES;
				SWIFT_VERSION = 5.0;
				TARGETED_DEVICE_FAMILY = "1,2";
			};
			name = Debug;
		};
		7D6138FE2CC02DFC009FBAB4 /* Release */ = {
			isa = XCBuildConfiguration;
			buildSettings = {
				ASSETCATALOG_COMPILER_APPICON_NAME = AppIcon;
				ASSETCATALOG_COMPILER_GLOBAL_ACCENT_COLOR_NAME = AccentColor;
				CODE_SIGN_STYLE = Automatic;
				CURRENT_PROJECT_VERSION = 1;
				DEVELOPMENT_ASSET_PATHS = "\"Recipes/Preview Content\"";
				ENABLE_PREVIEWS = YES;
				GENERATE_INFOPLIST_FILE = YES;
				INFOPLIST_KEY_UIApplicationSceneManifest_Generation = YES;
				INFOPLIST_KEY_UIApplicationSupportsIndirectInputEvents = YES;
				INFOPLIST_KEY_UILaunchScreen_Generation = YES;
				INFOPLIST_KEY_UISupportedInterfaceOrientations_iPad = "UIInterfaceOrientationPortrait UIInterfaceOrientationPortraitUpsideDown UIInterfaceOrientationLandscapeLeft UIInterfaceOrientationLandscapeRight";
				INFOPLIST_KEY_UISupportedInterfaceOrientations_iPhone = "UIInterfaceOrientationPortrait UIInterfaceOrientationLandscapeLeft UIInterfaceOrientationLandscapeRight";
				LD_RUNPATH_SEARCH_PATHS = (
					"$(inherited)",
					"@executable_path/Frameworks",
				);
				MARKETING_VERSION = 1.0;
				PRODUCT_BUNDLE_IDENTIFIER = taha.Recipes;
				PRODUCT_NAME = "$(TARGET_NAME)";
				SWIFT_EMIT_LOC_STRINGS = YES;
				SWIFT_VERSION = 5.0;
				TARGETED_DEVICE_FAMILY = "1,2";
			};
			name = Release;
		};
		7D6139002CC02DFC009FBAB4 /* Debug */ = {
			isa = XCBuildConfiguration;
			buildSettings = {
				BUNDLE_LOADER = "$(TEST_HOST)";
				CODE_SIGN_STYLE = Automatic;
				CURRENT_PROJECT_VERSION = 1;
				GENERATE_INFOPLIST_FILE = YES;
				IPHONEOS_DEPLOYMENT_TARGET = 18.0;
				MARKETING_VERSION = 1.0;
				PRODUCT_BUNDLE_IDENTIFIER = taha.RecipesTests;
				PRODUCT_NAME = "$(TARGET_NAME)";
				SWIFT_EMIT_LOC_STRINGS = NO;
				SWIFT_VERSION = 5.0;
				TARGETED_DEVICE_FAMILY = "1,2";
				TEST_HOST = "$(BUILT_PRODUCTS_DIR)/Recipes.app/$(BUNDLE_EXECUTABLE_FOLDER_PATH)/Recipes";
			};
			name = Debug;
		};
		7D6139012CC02DFC009FBAB4 /* Release */ = {
			isa = XCBuildConfiguration;
			buildSettings = {
				BUNDLE_LOADER = "$(TEST_HOST)";
				CODE_SIGN_STYLE = Automatic;
				CURRENT_PROJECT_VERSION = 1;
				GENERATE_INFOPLIST_FILE = YES;
				IPHONEOS_DEPLOYMENT_TARGET = 18.0;
				MARKETING_VERSION = 1.0;
				PRODUCT_BUNDLE_IDENTIFIER = taha.RecipesTests;
				PRODUCT_NAME = "$(TARGET_NAME)";
				SWIFT_EMIT_LOC_STRINGS = NO;
				SWIFT_VERSION = 5.0;
				TARGETED_DEVICE_FAMILY = "1,2";
				TEST_HOST = "$(BUILT_PRODUCTS_DIR)/Recipes.app/$(BUNDLE_EXECUTABLE_FOLDER_PATH)/Recipes";
			};
			name = Release;
		};
/* End XCBuildConfiguration section */

/* Begin XCConfigurationList section */
		7D6138D32CC02DFB009FBAB4 /* Build configuration list for PBXProject "Recipes" */ = {
			isa = XCConfigurationList;
			buildConfigurations = (
				7D6138FA2CC02DFC009FBAB4 /* Debug */,
				7D6138FB2CC02DFC009FBAB4 /* Release */,
			);
			defaultConfigurationIsVisible = 0;
			defaultConfigurationName = Release;
		};
		7D6138FC2CC02DFC009FBAB4 /* Build configuration list for PBXNativeTarget "Recipes" */ = {
			isa = XCConfigurationList;
			buildConfigurations = (
				7D6138FD2CC02DFC009FBAB4 /* Debug */,
				7D6138FE2CC02DFC009FBAB4 /* Release */,
			);
			defaultConfigurationIsVisible = 0;
			defaultConfigurationName = Release;
		};
		7D6138FF2CC02DFC009FBAB4 /* Build configuration list for PBXNativeTarget "RecipesTests" */ = {
			isa = XCConfigurationList;
			buildConfigurations = (
				7D6139002CC02DFC009FBAB4 /* Debug */,
				7D6139012CC02DFC009FBAB4 /* Release */,
			);
			defaultConfigurationIsVisible = 0;
			defaultConfigurationName = Release;
		};
/* End XCConfigurationList section */

/* Begin XCRemoteSwiftPackageReference section */
		7D6139162CC03ACA009FBAB4 /* XCRemoteSwiftPackageReference "Kingfisher" */ = {
			isa = XCRemoteSwiftPackageReference;
			repositoryURL = "https://github.com/onevcat/Kingfisher";
			requirement = {
				kind = upToNextMajorVersion;
				minimumVersion = 8.1.0;
			};
		};
		7DBF3D192CC1B23A00BC452D /* XCRemoteSwiftPackageReference "swift-collections" */ = {
			isa = XCRemoteSwiftPackageReference;
			repositoryURL = "https://github.com/apple/swift-collections.git";
			requirement = {
				kind = upToNextMajorVersion;
				minimumVersion = 1.1.4;
			};
		};
/* End XCRemoteSwiftPackageReference section */

/* Begin XCSwiftPackageProductDependency section */
		7D6139172CC03ACA009FBAB4 /* Kingfisher */ = {
			isa = XCSwiftPackageProductDependency;
			package = 7D6139162CC03ACA009FBAB4 /* XCRemoteSwiftPackageReference "Kingfisher" */;
			productName = Kingfisher;
		};
		7DBF3D1A2CC1B23A00BC452D /* Collections */ = {
			isa = XCSwiftPackageProductDependency;
			package = 7DBF3D192CC1B23A00BC452D /* XCRemoteSwiftPackageReference "swift-collections" */;
			productName = Collections;
		};
/* End XCSwiftPackageProductDependency section */
	};
	rootObject = 7D6138D02CC02DFB009FBAB4 /* Project object */;
}
